
Microsoft Visual Studio Solution File, Format Version 12.00
# Visual Studio Version 17
VisualStudioVersion = 17.6.33815.320
MinimumVisualStudioVersion = 10.0.40219.1
Project("{FAE04EC0-301F-11D3-BF4B-00C04F79EFBC}") = "Self-help-Webstore-GraphQL-API", "Self-help-Webstore-GraphQL-API\Self-help-Webstore-GraphQL-API.csproj", "{8E8E7253-3421-4E47-B0D5-27F8005FEF60}"
EndProject
Global
	GlobalSection(SolutionConfigurationPlatforms) = preSolution
		Debug|Any CPU = Debug|Any CPU
		Release|Any CPU = Release|Any CPU
	EndGlobalSection
	GlobalSection(ProjectConfigurationPlatforms) = postSolution
		{8E8E7253-3421-4E47-B0D5-27F8005FEF60}.Debug|Any CPU.ActiveCfg = Debug|Any CPU
		{8E8E7253-3421-4E47-B0D5-27F8005FEF60}.Debug|Any CPU.Build.0 = Debug|Any CPU
		{8E8E7253-3421-4E47-B0D5-27F8005FEF60}.Release|Any CPU.ActiveCfg = Release|Any CPU
		{8E8E7253-3421-4E47-B0D5-27F8005FEF60}.Release|Any CPU.Build.0 = Release|Any CPU
	EndGlobalSection
	GlobalSection(SolutionProperties) = preSolution
		HideSolutionNode = FALSE
	EndGlobalSection
	GlobalSection(ExtensibilityGlobals) = postSolution
		SolutionGuid = {0CC00AF8-2902-491D-A101-AED3B06E9164}
	EndGlobalSection
EndGlobal
